
Microsoft Visual Studio Solution File, Format Version 12.00
# Visual Studio Version 16
VisualStudioVersion = 16.0.32106.194
MinimumVisualStudioVersion = 10.0.40219.1
Project("{FAE04EC0-301F-11D3-BF4B-00C04F79EFBC}") = "Searching", "DSAlgo\Searching.csproj", "{EC4BAD71-F5A1-4ADA-A5CB-C9A11705C74B}"
EndProject
Project("{FAE04EC0-301F-11D3-BF4B-00C04F79EFBC}") = "Recursion", "Recursion\Recursion.csproj", "{ABB3D248-8FBF-4E33-BE9C-F88777858ADB}"
EndProject
Project("{FAE04EC0-301F-11D3-BF4B-00C04F79EFBC}") = "SortingProject", "SortingProject\SortingProject.csproj", "{280C90FE-B251-40B4-B495-FC4B48AEBA12}"
EndProject
Project("{FAE04EC0-301F-11D3-BF4B-00C04F79EFBC}") = "LinkedList", "LinkedList\LinkedList.csproj", "{21256409-734D-4DAB-8E45-4BC84351D3D9}"
EndProject
Project("{FAE04EC0-301F-11D3-BF4B-00C04F79EFBC}") = "CircularLinkedList", "CircularLinkedList\CircularLinkedList.csproj", "{E630748A-990A-4842-8574-1416BCECE456}"
EndProject
Project("{FAE04EC0-301F-11D3-BF4B-00C04F79EFBC}") = "DoublyLinkedList", "DoublyLinkedList\DoublyLinkedList.csproj", "{C88FE20E-ED42-4B29-8241-8F10C0FA5E54}"
EndProject
Project("{FAE04EC0-301F-11D3-BF4B-00C04F79EFBC}") = "StackWithArray", "StackWithArray\StackWithArray.csproj", "{8B1D5B0F-BA57-417D-B4BD-269CC69091C5}"
EndProject
Project("{FAE04EC0-301F-11D3-BF4B-00C04F79EFBC}") = "StackWithLL", "StackWithLL\StackWithLL.csproj", "{949DD0B7-D342-4E5A-A52F-690F95EC56ED}"
EndProject
Project("{FAE04EC0-301F-11D3-BF4B-00C04F79EFBC}") = "QueueWithArray", "QueueWithLL\QueueWithArray.csproj", "{7EC51D4B-C16D-416B-8AD6-A84ED037D205}"
EndProject
Project("{FAE04EC0-301F-11D3-BF4B-00C04F79EFBC}") = "QueueWithLinkedList", "QueueWithLinkedList\QueueWithLinkedList.csproj", "{AAAB0810-2A21-446B-B34A-456CE0026549}"
EndProject
Project("{FAE04EC0-301F-11D3-BF4B-00C04F79EFBC}") = "DoubleEndedQueues", "DoubleEndedQueues\DoubleEndedQueues.csproj", "{BDE914C3-E6D3-4E13-9FCA-DE49361E4031}"
EndProject
Project("{FAE04EC0-301F-11D3-BF4B-00C04F79EFBC}") = "BinarySearchTree", "BinarySearchTree\BinarySearchTree.csproj", "{D1377139-B436-4C34-9CD2-590E83FF226B}"
EndProject
Project("{FAE04EC0-301F-11D3-BF4B-00C04F79EFBC}") = "BinarySearchTreeRecursion", "BinarySearchTreeRecursion\BinarySearchTreeRecursion.csproj", "{7EB70DF5-29BB-44E1-B11F-73C55E022E96}"
EndProject
Global
	GlobalSection(SolutionConfigurationPlatforms) = preSolution
		Debug|Any CPU = Debug|Any CPU
		Release|Any CPU = Release|Any CPU
	EndGlobalSection
	GlobalSection(ProjectConfigurationPlatforms) = postSolution
		{EC4BAD71-F5A1-4ADA-A5CB-C9A11705C74B}.Debug|Any CPU.ActiveCfg = Debug|Any CPU
		{EC4BAD71-F5A1-4ADA-A5CB-C9A11705C74B}.Debug|Any CPU.Build.0 = Debug|Any CPU
		{EC4BAD71-F5A1-4ADA-A5CB-C9A11705C74B}.Release|Any CPU.ActiveCfg = Release|Any CPU
		{EC4BAD71-F5A1-4ADA-A5CB-C9A11705C74B}.Release|Any CPU.Build.0 = Release|Any CPU
		{ABB3D248-8FBF-4E33-BE9C-F88777858ADB}.Debug|Any CPU.ActiveCfg = Debug|Any CPU
		{ABB3D248-8FBF-4E33-BE9C-F88777858ADB}.Debug|Any CPU.Build.0 = Debug|Any CPU
		{ABB3D248-8FBF-4E33-BE9C-F88777858ADB}.Release|Any CPU.ActiveCfg = Release|Any CPU
		{ABB3D248-8FBF-4E33-BE9C-F88777858ADB}.Release|Any CPU.Build.0 = Release|Any CPU
		{280C90FE-B251-40B4-B495-FC4B48AEBA12}.Debug|Any CPU.ActiveCfg = Debug|Any CPU
		{280C90FE-B251-40B4-B495-FC4B48AEBA12}.Debug|Any CPU.Build.0 = Debug|Any CPU
		{280C90FE-B251-40B4-B495-FC4B48AEBA12}.Release|Any CPU.ActiveCfg = Release|Any CPU
		{280C90FE-B251-40B4-B495-FC4B48AEBA12}.Release|Any CPU.Build.0 = Release|Any CPU
		{21256409-734D-4DAB-8E45-4BC84351D3D9}.Debug|Any CPU.ActiveCfg = Debug|Any CPU
		{21256409-734D-4DAB-8E45-4BC84351D3D9}.Debug|Any CPU.Build.0 = Debug|Any CPU
		{21256409-734D-4DAB-8E45-4BC84351D3D9}.Release|Any CPU.ActiveCfg = Release|Any CPU
		{21256409-734D-4DAB-8E45-4BC84351D3D9}.Release|Any CPU.Build.0 = Release|Any CPU
		{E630748A-990A-4842-8574-1416BCECE456}.Debug|Any CPU.ActiveCfg = Debug|Any CPU
		{E630748A-990A-4842-8574-1416BCECE456}.Debug|Any CPU.Build.0 = Debug|Any CPU
		{E630748A-990A-4842-8574-1416BCECE456}.Release|Any CPU.ActiveCfg = Release|Any CPU
		{E630748A-990A-4842-8574-1416BCECE456}.Release|Any CPU.Build.0 = Release|Any CPU
		{C88FE20E-ED42-4B29-8241-8F10C0FA5E54}.Debug|Any CPU.ActiveCfg = Debug|Any CPU
		{C88FE20E-ED42-4B29-8241-8F10C0FA5E54}.Debug|Any CPU.Build.0 = Debug|Any CPU
		{C88FE20E-ED42-4B29-8241-8F10C0FA5E54}.Release|Any CPU.ActiveCfg = Release|Any CPU
		{C88FE20E-ED42-4B29-8241-8F10C0FA5E54}.Release|Any CPU.Build.0 = Release|Any CPU
		{8B1D5B0F-BA57-417D-B4BD-269CC69091C5}.Debug|Any CPU.ActiveCfg = Debug|Any CPU
		{8B1D5B0F-BA57-417D-B4BD-269CC69091C5}.Debug|Any CPU.Build.0 = Debug|Any CPU
		{8B1D5B0F-BA57-417D-B4BD-269CC69091C5}.Release|Any CPU.ActiveCfg = Release|Any CPU
		{8B1D5B0F-BA57-417D-B4BD-269CC69091C5}.Release|Any CPU.Build.0 = Release|Any CPU
		{949DD0B7-D342-4E5A-A52F-690F95EC56ED}.Debug|Any CPU.ActiveCfg = Debug|Any CPU
		{949DD0B7-D342-4E5A-A52F-690F95EC56ED}.Debug|Any CPU.Build.0 = Debug|Any CPU
		{949DD0B7-D342-4E5A-A52F-690F95EC56ED}.Release|Any CPU.ActiveCfg = Release|Any CPU
		{949DD0B7-D342-4E5A-A52F-690F95EC56ED}.Release|Any CPU.Build.0 = Release|Any CPU
		{7EC51D4B-C16D-416B-8AD6-A84ED037D205}.Debug|Any CPU.ActiveCfg = Debug|Any CPU
		{7EC51D4B-C16D-416B-8AD6-A84ED037D205}.Debug|Any CPU.Build.0 = Debug|Any CPU
		{7EC51D4B-C16D-416B-8AD6-A84ED037D205}.Release|Any CPU.ActiveCfg = Release|Any CPU
		{7EC51D4B-C16D-416B-8AD6-A84ED037D205}.Release|Any CPU.Build.0 = Release|Any CPU
		{AAAB0810-2A21-446B-B34A-456CE0026549}.Debug|Any CPU.ActiveCfg = Debug|Any CPU
		{AAAB0810-2A21-446B-B34A-456CE0026549}.Debug|Any CPU.Build.0 = Debug|Any CPU
		{AAAB0810-2A21-446B-B34A-456CE0026549}.Release|Any CPU.ActiveCfg = Release|Any CPU
		{AAAB0810-2A21-446B-B34A-456CE0026549}.Release|Any CPU.Build.0 = Release|Any CPU
		{BDE914C3-E6D3-4E13-9FCA-DE49361E4031}.Debug|Any CPU.ActiveCfg = Debug|Any CPU
		{BDE914C3-E6D3-4E13-9FCA-DE49361E4031}.Debug|Any CPU.Build.0 = Debug|Any CPU
		{BDE914C3-E6D3-4E13-9FCA-DE49361E4031}.Release|Any CPU.ActiveCfg = Release|Any CPU
		{BDE914C3-E6D3-4E13-9FCA-DE49361E4031}.Release|Any CPU.Build.0 = Release|Any CPU
		{D1377139-B436-4C34-9CD2-590E83FF226B}.Debug|Any CPU.ActiveCfg = Debug|Any CPU
		{D1377139-B436-4C34-9CD2-590E83FF226B}.Debug|Any CPU.Build.0 = Debug|Any CPU
		{D1377139-B436-4C34-9CD2-590E83FF226B}.Release|Any CPU.ActiveCfg = Release|Any CPU
		{D1377139-B436-4C34-9CD2-590E83FF226B}.Release|Any CPU.Build.0 = Release|Any CPU
		{7EB70DF5-29BB-44E1-B11F-73C55E022E96}.Debug|Any CPU.ActiveCfg = Debug|Any CPU
		{7EB70DF5-29BB-44E1-B11F-73C55E022E96}.Debug|Any CPU.Build.0 = Debug|Any CPU
		{7EB70DF5-29BB-44E1-B11F-73C55E022E96}.Release|Any CPU.ActiveCfg = Release|Any CPU
		{7EB70DF5-29BB-44E1-B11F-73C55E022E96}.Release|Any CPU.Build.0 = Release|Any CPU
	EndGlobalSection
	GlobalSection(SolutionProperties) = preSolution
		HideSolutionNode = FALSE
	EndGlobalSection
	GlobalSection(ExtensibilityGlobals) = postSolution
		SolutionGuid = {48276472-E85F-470A-8B78-7CA0F34948E1}
	EndGlobalSection
EndGlobal
